// !$*UTF8*$!
{
	archiveVersion = 1;
	classes = {
	};
	objectVersion = 56;
	objects = {

/* Begin PBXBuildFile section */
		A21B924D29D4A15A002A7864 /* AppDelegate.swift in Sources */ = {isa = PBXBuildFile; fileRef = A21B924C29D4A15A002A7864 /* AppDelegate.swift */; };
		A21B924F29D4A15A002A7864 /* SceneDelegate.swift in Sources */ = {isa = PBXBuildFile; fileRef = A21B924E29D4A15A002A7864 /* SceneDelegate.swift */; };
		A21B925129D4A15A002A7864 /* ViewController.swift in Sources */ = {isa = PBXBuildFile; fileRef = A21B925029D4A15A002A7864 /* ViewController.swift */; };
		A21B925429D4A15A002A7864 /* Main.storyboard in Resources */ = {isa = PBXBuildFile; fileRef = A21B925229D4A15A002A7864 /* Main.storyboard */; };
		A21B925629D4A15D002A7864 /* Assets.xcassets in Resources */ = {isa = PBXBuildFile; fileRef = A21B925529D4A15D002A7864 /* Assets.xcassets */; };
		A21B925929D4A15D002A7864 /* LaunchScreen.storyboard in Resources */ = {isa = PBXBuildFile; fileRef = A21B925729D4A15D002A7864 /* LaunchScreen.storyboard */; };
		A21B926429D4A15D002A7864 /* MiAppTests.swift in Sources */ = {isa = PBXBuildFile; fileRef = A21B926329D4A15D002A7864 /* MiAppTests.swift */; };
		A21B926E29D4A15D002A7864 /* MiAppUITests.swift in Sources */ = {isa = PBXBuildFile; fileRef = A21B926D29D4A15D002A7864 /* MiAppUITests.swift */; };
		A21B927029D4A15D002A7864 /* MiAppUITestsLaunchTests.swift in Sources */ = {isa = PBXBuildFile; fileRef = A21B926F29D4A15D002A7864 /* MiAppUITestsLaunchTests.swift */; };
/* End PBXBuildFile section */

/* Begin PBXContainerItemProxy section */
		A21B926029D4A15D002A7864 /* PBXContainerItemProxy */ = {
			isa = PBXContainerItemProxy;
			containerPortal = A21B924129D4A15A002A7864 /* Project object */;
			proxyType = 1;
			remoteGlobalIDString = A21B924829D4A15A002A7864;
			remoteInfo = MiApp;
		};
		A21B926A29D4A15D002A7864 /* PBXContainerItemProxy */ = {
			isa = PBXContainerItemProxy;
			containerPortal = A21B924129D4A15A002A7864 /* Project object */;
			proxyType = 1;
			remoteGlobalIDString = A21B924829D4A15A002A7864;
			remoteInfo = MiApp;
		};
/* End PBXContainerItemProxy section */

/* Begin PBXFileReference section */
		A21B924929D4A15A002A7864 /* MiApp.app */ = {isa = PBXFileReference; explicitFileType = wrapper.application; includeInIndex = 0; path = MiApp.app; sourceTree = BUILT_PRODUCTS_DIR; };
		A21B924C29D4A15A002A7864 /* AppDelegate.swift */ = {isa = PBXFileReference; lastKnownFileType = sourcecode.swift; path = AppDelegate.swift; sourceTree = "<group>"; };
		A21B924E29D4A15A002A7864 /* SceneDelegate.swift */ = {isa = PBXFileReference; lastKnownFileType = sourcecode.swift; path = SceneDelegate.swift; sourceTree = "<group>"; };
		A21B925029D4A15A002A7864 /* ViewController.swift */ = {isa = PBXFileReference; lastKnownFileType = sourcecode.swift; path = ViewController.swift; sourceTree = "<group>"; };
		A21B925329D4A15A002A7864 /* Base */ = {isa = PBXFileReference; lastKnownFileType = file.storyboard; name = Base; path = Base.lproj/Main.storyboard; sourceTree = "<group>"; };
		A21B925529D4A15D002A7864 /* Assets.xcassets */ = {isa = PBXFileReference; lastKnownFileType = folder.assetcatalog; path = Assets.xcassets; sourceTree = "<group>"; };
		A21B925829D4A15D002A7864 /* Base */ = {isa = PBXFileReference; lastKnownFileType = file.storyboard; name = Base; path = Base.lproj/LaunchScreen.storyboard; sourceTree = "<group>"; };
		A21B925A29D4A15D002A7864 /* Info.plist */ = {isa = PBXFileReference; lastKnownFileType = text.plist.xml; path = Info.plist; sourceTree = "<group>"; };
		A21B925F29D4A15D002A7864 /* MiAppTests.xctest */ = {isa = PBXFileReference; explicitFileType = wrapper.cfbundle; includeInIndex = 0; path = MiAppTests.xctest; sourceTree = BUILT_PRODUCTS_DIR; };
		A21B926329D4A15D002A7864 /* MiAppTests.swift */ = {isa = PBXFileReference; lastKnownFileType = sourcecode.swift; path = MiAppTests.swift; sourceTree = "<group>"; };
		A21B926929D4A15D002A7864 /* MiAppUITests.xctest */ = {isa = PBXFileReference; explicitFileType = wrapper.cfbundle; includeInIndex = 0; path = MiAppUITests.xctest; sourceTree = BUILT_PRODUCTS_DIR; };
		A21B926D29D4A15D002A7864 /* MiAppUITests.swift */ = {isa = PBXFileReference; lastKnownFileType = sourcecode.swift; path = MiAppUITests.swift; sourceTree = "<group>"; };
		A21B926F29D4A15D002A7864 /* MiAppUITestsLaunchTests.swift */ = {isa = PBXFileReference; lastKnownFileType = sourcecode.swift; path = MiAppUITestsLaunchTests.swift; sourceTree = "<group>"; };
/* End PBXFileReference section */

/* Begin PBXFrameworksBuildPhase section */
		A21B924629D4A15A002A7864 /* Frameworks */ = {
			isa = PBXFrameworksBuildPhase;
			buildActionMask = 2147483647;
			files = (
			);
			runOnlyForDeploymentPostprocessing = 0;
		};
		A21B925C29D4A15D002A7864 /* Frameworks */ = {
			isa = PBXFrameworksBuildPhase;
			buildActionMask = 2147483647;
			files = (
			);
			runOnlyForDeploymentPostprocessing = 0;
		};
		A21B926629D4A15D002A7864 /* Frameworks */ = {
			isa = PBXFrameworksBuildPhase;
			buildActionMask = 2147483647;
			files = (
			);
			runOnlyForDeploymentPostprocessing = 0;
		};
/* End PBXFrameworksBuildPhase section */

/* Begin PBXGroup section */
		A21B924029D4A15A002A7864 = {
			isa = PBXGroup;
			children = (
				A21B924B29D4A15A002A7864 /* MiApp */,
				A21B926229D4A15D002A7864 /* MiAppTests */,
				A21B926C29D4A15D002A7864 /* MiAppUITests */,
				A21B924A29D4A15A002A7864 /* Products */,
			);
			sourceTree = "<group>";
		};
		A21B924A29D4A15A002A7864 /* Products */ = {
			isa = PBXGroup;
			children = (
				A21B924929D4A15A002A7864 /* MiApp.app */,
				A21B925F29D4A15D002A7864 /* MiAppTests.xctest */,
				A21B926929D4A15D002A7864 /* MiAppUITests.xctest */,
			);
			name = Products;
			sourceTree = "<group>";
		};
		A21B924B29D4A15A002A7864 /* MiApp */ = {
			isa = PBXGroup;
			children = (
				A21B924C29D4A15A002A7864 /* AppDelegate.swift */,
				A21B924E29D4A15A002A7864 /* SceneDelegate.swift */,
				A21B925029D4A15A002A7864 /* ViewController.swift */,
				A21B925229D4A15A002A7864 /* Main.storyboard */,
				A21B925529D4A15D002A7864 /* Assets.xcassets */,
				A21B925729D4A15D002A7864 /* LaunchScreen.storyboard */,
				A21B925A29D4A15D002A7864 /* Info.plist */,
			);
			path = MiApp;
			sourceTree = "<group>";
		};
		A21B926229D4A15D002A7864 /* MiAppTests */ = {
			isa = PBXGroup;
			children = (
				A21B926329D4A15D002A7864 /* MiAppTests.swift */,
			);
			path = MiAppTests;
			sourceTree = "<group>";
		};
		A21B926C29D4A15D002A7864 /* MiAppUITests */ = {
			isa = PBXGroup;
			children = (
				A21B926D29D4A15D002A7864 /* MiAppUITests.swift */,
				A21B926F29D4A15D002A7864 /* MiAppUITestsLaunchTests.swift */,
			);
			path = MiAppUITests;
			sourceTree = "<group>";
		};
/* End PBXGroup section */

/* Begin PBXNativeTarget section */
		A21B924829D4A15A002A7864 /* MiApp */ = {
			isa = PBXNativeTarget;
			buildConfigurationList = A21B927329D4A15D002A7864 /* Build configuration list for PBXNativeTarget "MiApp" */;
			buildPhases = (
				A21B924529D4A15A002A7864 /* Sources */,
				A21B924629D4A15A002A7864 /* Frameworks */,
				A21B924729D4A15A002A7864 /* Resources */,
			);
			buildRules = (
			);
			dependencies = (
			);
			name = MiApp;
			productName = MiApp;
			productReference = A21B924929D4A15A002A7864 /* MiApp.app */;
			productType = "com.apple.product-type.application";
		};
		A21B925E29D4A15D002A7864 /* MiAppTests */ = {
			isa = PBXNativeTarget;
			buildConfigurationList = A21B927629D4A15D002A7864 /* Build configuration list for PBXNativeTarget "MiAppTests" */;
			buildPhases = (
				A21B925B29D4A15D002A7864 /* Sources */,
				A21B925C29D4A15D002A7864 /* Frameworks */,
				A21B925D29D4A15D002A7864 /* Resources */,
			);
			buildRules = (
			);
			dependencies = (
				A21B926129D4A15D002A7864 /* PBXTargetDependency */,
			);
			name = MiAppTests;
			productName = MiAppTests;
			productReference = A21B925F29D4A15D002A7864 /* MiAppTests.xctest */;
			productType = "com.apple.product-type.bundle.unit-test";
		};
		A21B926829D4A15D002A7864 /* MiAppUITests */ = {
			isa = PBXNativeTarget;
			buildConfigurationList = A21B927929D4A15D002A7864 /* Build configuration list for PBXNativeTarget "MiAppUITests" */;
			buildPhases = (
				A21B926529D4A15D002A7864 /* Sources */,
				A21B926629D4A15D002A7864 /* Frameworks */,
				A21B926729D4A15D002A7864 /* Resources */,
			);
			buildRules = (
			);
			dependencies = (
				A21B926B29D4A15D002A7864 /* PBXTargetDependency */,
			);
			name = MiAppUITests;
			productName = MiAppUITests;
			productReference = A21B926929D4A15D002A7864 /* MiAppUITests.xctest */;
			productType = "com.apple.product-type.bundle.ui-testing";
		};
/* End PBXNativeTarget section */

/* Begin PBXProject section */
		A21B924129D4A15A002A7864 /* Project object */ = {
			isa = PBXProject;
			attributes = {
				BuildIndependentTargetsInParallel = 1;
				LastSwiftUpdateCheck = 1420;
				LastUpgradeCheck = 1420;
				TargetAttributes = {
					A21B924829D4A15A002A7864 = {
						CreatedOnToolsVersion = 14.2;
					};
					A21B925E29D4A15D002A7864 = {
						CreatedOnToolsVersion = 14.2;
						TestTargetID = A21B924829D4A15A002A7864;
					};
					A21B926829D4A15D002A7864 = {
						CreatedOnToolsVersion = 14.2;
						TestTargetID = A21B924829D4A15A002A7864;
					};
				};
			};
			buildConfigurationList = A21B924429D4A15A002A7864 /* Build configuration list for PBXProject "MiApp" */;
			compatibilityVersion = "Xcode 14.0";
			developmentRegion = en;
			hasScannedForEncodings = 0;
			knownRegions = (
				en,
				Base,
			);
			mainGroup = A21B924029D4A15A002A7864;
			productRefGroup = A21B924A29D4A15A002A7864 /* Products */;
			projectDirPath = "";
			projectRoot = "";
			targets = (
				A21B924829D4A15A002A7864 /* MiApp */,
				A21B925E29D4A15D002A7864 /* MiAppTests */,
				A21B926829D4A15D002A7864 /* MiAppUITests */,
			);
		};
/* End PBXProject section */

/* Begin PBXResourcesBuildPhase section */
		A21B924729D4A15A002A7864 /* Resources */ = {
			isa = PBXResourcesBuildPhase;
			buildActionMask = 2147483647;
			files = (
				A21B925929D4A15D002A7864 /* LaunchScreen.storyboard in Resources */,
				A21B925629D4A15D002A7864 /* Assets.xcassets in Resources */,
				A21B925429D4A15A002A7864 /* Main.storyboard in Resources */,
			);
			runOnlyForDeploymentPostprocessing = 0;
		};
		A21B925D29D4A15D002A7864 /* Resources */ = {
			isa = PBXResourcesBuildPhase;
			buildActionMask = 2147483647;
			files = (
			);
			runOnlyForDeploymentPostprocessing = 0;
		};
		A21B926729D4A15D002A7864 /* Resources */ = {
			isa = PBXResourcesBuildPhase;
			buildActionMask = 2147483647;
			files = (
			);
			runOnlyForDeploymentPostprocessing = 0;
		};
/* End PBXResourcesBuildPhase section */

/* Begin PBXSourcesBuildPhase section */
		A21B924529D4A15A002A7864 /* Sources */ = {
			isa = PBXSourcesBuildPhase;
			buildActionMask = 2147483647;
			files = (
				A21B925129D4A15A002A7864 /* ViewController.swift in Sources */,
				A21B924D29D4A15A002A7864 /* AppDelegate.swift in Sources */,
				A21B924F29D4A15A002A7864 /* SceneDelegate.swift in Sources */,
			);
			runOnlyForDeploymentPostprocessing = 0;
		};
		A21B925B29D4A15D002A7864 /* Sources */ = {
			isa = PBXSourcesBuildPhase;
			buildActionMask = 2147483647;
			files = (
				A21B926429D4A15D002A7864 /* MiAppTests.swift in Sources */,
			);
			runOnlyForDeploymentPostprocessing = 0;
		};
		A21B926529D4A15D002A7864 /* Sources */ = {
			isa = PBXSourcesBuildPhase;
			buildActionMask = 2147483647;
			files = (
				A21B927029D4A15D002A7864 /* MiAppUITestsLaunchTests.swift in Sources */,
				A21B926E29D4A15D002A7864 /* MiAppUITests.swift in Sources */,
			);
			runOnlyForDeploymentPostprocessing = 0;
		};
/* End PBXSourcesBuildPhase section */

/* Begin PBXTargetDependency section */
		A21B926129D4A15D002A7864 /* PBXTargetDependency */ = {
			isa = PBXTargetDependency;
			target = A21B924829D4A15A002A7864 /* MiApp */;
			targetProxy = A21B926029D4A15D002A7864 /* PBXContainerItemProxy */;
		};
		A21B926B29D4A15D002A7864 /* PBXTargetDependency */ = {
			isa = PBXTargetDependency;
			target = A21B924829D4A15A002A7864 /* MiApp */;
			targetProxy = A21B926A29D4A15D002A7864 /* PBXContainerItemProxy */;
		};
/* End PBXTargetDependency section */

/* Begin PBXVariantGroup section */
		A21B925229D4A15A002A7864 /* Main.storyboard */ = {
			isa = PBXVariantGroup;
			children = (
				A21B925329D4A15A002A7864 /* Base */,
			);
			name = Main.storyboard;
			sourceTree = "<group>";
		};
		A21B925729D4A15D002A7864 /* LaunchScreen.storyboard */ = {
			isa = PBXVariantGroup;
			children = (
				A21B925829D4A15D002A7864 /* Base */,
			);
			name = LaunchScreen.storyboard;
			sourceTree = "<group>";
		};
/* End PBXVariantGroup section */

/* Begin XCBuildConfiguration section */
		A21B927129D4A15D002A7864 /* Debug */ = {
			isa = XCBuildConfiguration;
			buildSettings = {
				ALWAYS_SEARCH_USER_PATHS = NO;
				CLANG_ANALYZER_NONNULL = YES;
				CLANG_ANALYZER_NUMBER_OBJECT_CONVERSION = YES_AGGRESSIVE;
				CLANG_CXX_LANGUAGE_STANDARD = "gnu++20";
				CLANG_ENABLE_MODULES = YES;
				CLANG_ENABLE_OBJC_ARC = YES;
				CLANG_ENABLE_OBJC_WEAK = YES;
				CLANG_WARN_BLOCK_CAPTURE_AUTORELEASING = YES;
				CLANG_WARN_BOOL_CONVERSION = YES;
				CLANG_WARN_COMMA = YES;
				CLANG_WARN_CONSTANT_CONVERSION = YES;
				CLANG_WARN_DEPRECATED_OBJC_IMPLEMENTATIONS = YES;
				CLANG_WARN_DIRECT_OBJC_ISA_USAGE = YES_ERROR;
				CLANG_WARN_DOCUMENTATION_COMMENTS = YES;
				CLANG_WARN_EMPTY_BODY = YES;
				CLANG_WARN_ENUM_CONVERSION = YES;
				CLANG_WARN_INFINITE_RECURSION = YES;
				CLANG_WARN_INT_CONVERSION = YES;
				CLANG_WARN_NON_LITERAL_NULL_CONVERSION = YES;
				CLANG_WARN_OBJC_IMPLICIT_RETAIN_SELF = YES;
				CLANG_WARN_OBJC_LITERAL_CONVERSION = YES;
				CLANG_WARN_OBJC_ROOT_CLASS = YES_ERROR;
				CLANG_WARN_QUOTED_INCLUDE_IN_FRAMEWORK_HEADER = YES;
				CLANG_WARN_RANGE_LOOP_ANALYSIS = YES;
				CLANG_WARN_STRICT_PROTOTYPES = YES;
				CLANG_WARN_SUSPICIOUS_MOVE = YES;
				CLANG_WARN_UNGUARDED_AVAILABILITY = YES_AGGRESSIVE;
				CLANG_WARN_UNREACHABLE_CODE = YES;
				CLANG_WARN__DUPLICATE_METHOD_MATCH = YES;
				COPY_PHASE_STRIP = NO;
				DEBUG_INFORMATION_FORMAT = dwarf;
				ENABLE_STRICT_OBJC_MSGSEND = YES;
				ENABLE_TESTABILITY = YES;
				GCC_C_LANGUAGE_STANDARD = gnu11;
				GCC_DYNAMIC_NO_PIC = NO;
				GCC_NO_COMMON_BLOCKS = YES;
				GCC_OPTIMIZATION_LEVEL = 0;
				GCC_PREPROCESSOR_DEFINITIONS = (
					"DEBUG=1",
					"$(inherited)",
				);
				GCC_WARN_64_TO_32_BIT_CONVERSION = YES;
				GCC_WARN_ABOUT_RETURN_TYPE = YES_ERROR;
				GCC_WARN_UNDECLARED_SELECTOR = YES;
				GCC_WARN_UNINITIALIZED_AUTOS = YES_AGGRESSIVE;
				GCC_WARN_UNUSED_FUNCTION = YES;
				GCC_WARN_UNUSED_VARIABLE = YES;
				IPHONEOS_DEPLOYMENT_TARGET = 16.2;
				MTL_ENABLE_DEBUG_INFO = INCLUDE_SOURCE;
				MTL_FAST_MATH = YES;
				ONLY_ACTIVE_ARCH = YES;
				SDKROOT = iphoneos;
				SWIFT_ACTIVE_COMPILATION_CONDITIONS = DEBUG;
				SWIFT_OPTIMIZATION_LEVEL = "-Onone";
			};
			name = Debug;
		};
		A21B927229D4A15D002A7864 /* Release */ = {
			isa = XCBuildConfiguration;
			buildSettings = {
				ALWAYS_SEARCH_USER_PATHS = NO;
				CLANG_ANALYZER_NONNULL = YES;
				CLANG_ANALYZER_NUMBER_OBJECT_CONVERSION = YES_AGGRESSIVE;
				CLANG_CXX_LANGUAGE_STANDARD = "gnu++20";
				CLANG_ENABLE_MODULES = YES;
				CLANG_ENABLE_OBJC_ARC = YES;
				CLANG_ENABLE_OBJC_WEAK = YES;
				CLANG_WARN_BLOCK_CAPTURE_AUTORELEASING = YES;
				CLANG_WARN_BOOL_CONVERSION = YES;
				CLANG_WARN_COMMA = YES;
				CLANG_WARN_CONSTANT_CONVERSION = YES;
				CLANG_WARN_DEPRECATED_OBJC_IMPLEMENTATIONS = YES;
				CLANG_WARN_DIRECT_OBJC_ISA_USAGE = YES_ERROR;
				CLANG_WARN_DOCUMENTATION_COMMENTS = YES;
				CLANG_WARN_EMPTY_BODY = YES;
				CLANG_WARN_ENUM_CONVERSION = YES;
				CLANG_WARN_INFINITE_RECURSION = YES;
				CLANG_WARN_INT_CONVERSION = YES;
				CLANG_WARN_NON_LITERAL_NULL_CONVERSION = YES;
				CLANG_WARN_OBJC_IMPLICIT_RETAIN_SELF = YES;
				CLANG_WARN_OBJC_LITERAL_CONVERSION = YES;
				CLANG_WARN_OBJC_ROOT_CLASS = YES_ERROR;
				CLANG_WARN_QUOTED_INCLUDE_IN_FRAMEWORK_HEADER = YES;
				CLANG_WARN_RANGE_LOOP_ANALYSIS = YES;
				CLANG_WARN_STRICT_PROTOTYPES = YES;
				CLANG_WARN_SUSPICIOUS_MOVE = YES;
				CLANG_WARN_UNGUARDED_AVAILABILITY = YES_AGGRESSIVE;
				CLANG_WARN_UNREACHABLE_CODE = YES;
				CLANG_WARN__DUPLICATE_METHOD_MATCH = YES;
				COPY_PHASE_STRIP = NO;
				DEBUG_INFORMATION_FORMAT = "dwarf-with-dsym";
				ENABLE_NS_ASSERTIONS = NO;
				ENABLE_STRICT_OBJC_MSGSEND = YES;
				GCC_C_LANGUAGE_STANDARD = gnu11;
				GCC_NO_COMMON_BLOCKS = YES;
				GCC_WARN_64_TO_32_BIT_CONVERSION = YES;
				GCC_WARN_ABOUT_RETURN_TYPE = YES_ERROR;
				GCC_WARN_UNDECLARED_SELECTOR = YES;
				GCC_WARN_UNINITIALIZED_AUTOS = YES_AGGRESSIVE;
				GCC_WARN_UNUSED_FUNCTION = YES;
				GCC_WARN_UNUSED_VARIABLE = YES;
				IPHONEOS_DEPLOYMENT_TARGET = 16.2;
				MTL_ENABLE_DEBUG_INFO = NO;
				MTL_FAST_MATH = YES;
				SDKROOT = iphoneos;
				SWIFT_COMPILATION_MODE = wholemodule;
				SWIFT_OPTIMIZATION_LEVEL = "-O";
				VALIDATE_PRODUCT = YES;
			};
			name = Release;
		};
		A21B927429D4A15D002A7864 /* Debug */ = {
			isa = XCBuildConfiguration;
			buildSettings = {
				ASSETCATALOG_COMPILER_APPICON_NAME = AppIcon;
				ASSETCATALOG_COMPILER_GLOBAL_ACCENT_COLOR_NAME = AccentColor;
				CODE_SIGN_STYLE = Automatic;
				CURRENT_PROJECT_VERSION = 1;
				GENERATE_INFOPLIST_FILE = YES;
				INFOPLIST_FILE = MiApp/Info.plist;
				INFOPLIST_KEY_CFBundleDisplayName = "Mi aplicativo";
				INFOPLIST_KEY_UIApplicationSupportsIndirectInputEvents = YES;
				INFOPLIST_KEY_UILaunchStoryboardName = LaunchScreen;
				INFOPLIST_KEY_UIMainStoryboardFile = Main;
				INFOPLIST_KEY_UISupportedInterfaceOrientations_iPad = "UIInterfaceOrientationPortrait UIInterfaceOrientationPortraitUpsideDown UIInterfaceOrientationLandscapeLeft UIInterfaceOrientationLandscapeRight";
				INFOPLIST_KEY_UISupportedInterfaceOrientations_iPhone = "UIInterfaceOrientationPortrait UIInterfaceOrientationLandscapeLeft UIInterfaceOrientationLandscapeRight";
				LD_RUNPATH_SEARCH_PATHS = (
					"$(inherited)",
					"@executable_path/Frameworks",
				);
				MARKETING_VERSION = 1.0;
				PRODUCT_BUNDLE_IDENTIFIER = montsemares.MiApp;
				PRODUCT_NAME = "$(TARGET_NAME)";
				SUPPORTED_PLATFORMS = "iphoneos iphonesimulator";
				SUPPORTS_MACCATALYST = NO;
				SUPPORTS_MAC_DESIGNED_FOR_IPHONE_IPAD = NO;
				SWIFT_EMIT_LOC_STRINGS = YES;
				SWIFT_VERSION = 5.0;
				TARGETED_DEVICE_FAMILY = 1;
			};
			name = Debug;
		};
		A21B927529D4A15D002A7864 /* Release */ = {
			isa = XCBuildConfiguration;
			buildSettings = {
				ASSETCATALOG_COMPILER_APPICON_NAME = AppIcon;
				ASSETCATALOG_COMPILER_GLOBAL_ACCENT_COLOR_NAME = AccentColor;
				CODE_SIGN_STYLE = Automatic;
				CURRENT_PROJECT_VERSION = 1;
				GENERATE_INFOPLIST_FILE = YES;
				INFOPLIST_FILE = MiApp/Info.plist;
				INFOPLIST_KEY_CFBundleDisplayName = "Mi aplicativo";
				INFOPLIST_KEY_UIApplicationSupportsIndirectInputEvents = YES;
				INFOPLIST_KEY_UILaunchStoryboardName = LaunchScreen;
				INFOPLIST_KEY_UIMainStoryboardFile = Main;
				INFOPLIST_KEY_UISupportedInterfaceOrientations_iPad = "UIInterfaceOrientationPortrait UIInterfaceOrientationPortraitUpsideDown UIInterfaceOrientationLandscapeLeft UIInterfaceOrientationLandscapeRight";
				INFOPLIST_KEY_UISupportedInterfaceOrientations_iPhone = "UIInterfaceOrientationPortrait UIInterfaceOrientationLandscapeLeft UIInterfaceOrientationLandscapeRight";
				LD_RUNPATH_SEARCH_PATHS = (
					"$(inherited)",
					"@executable_path/Frameworks",
				);
				MARKETING_VERSION = 1.0;
				PRODUCT_BUNDLE_IDENTIFIER = montsemares.MiApp;
				PRODUCT_NAME = "$(TARGET_NAME)";
				SUPPORTED_PLATFORMS = "iphoneos iphonesimulator";
				SUPPORTS_MACCATALYST = NO;
				SUPPORTS_MAC_DESIGNED_FOR_IPHONE_IPAD = NO;
				SWIFT_EMIT_LOC_STRINGS = YES;
				SWIFT_VERSION = 5.0;
				TARGETED_DEVICE_FAMILY = 1;
			};
			name = Release;
		};
		A21B927729D4A15D002A7864 /* Debug */ = {
			isa = XCBuildConfiguration;
			buildSettings = {
				ALWAYS_EMBED_SWIFT_STANDARD_LIBRARIES = YES;
				BUNDLE_LOADER = "$(TEST_HOST)";
				CODE_SIGN_STYLE = Automatic;
				CURRENT_PROJECT_VERSION = 1;
				GENERATE_INFOPLIST_FILE = YES;
				IPHONEOS_DEPLOYMENT_TARGET = 16.2;
				MARKETING_VERSION = 1.0;
				PRODUCT_BUNDLE_IDENTIFIER = montsemares.MiAppTests;
				PRODUCT_NAME = "$(TARGET_NAME)";
				SWIFT_EMIT_LOC_STRINGS = NO;
				SWIFT_VERSION = 5.0;
				TARGETED_DEVICE_FAMILY = "1,2";
				TEST_HOST = "$(BUILT_PRODUCTS_DIR)/MiApp.app/$(BUNDLE_EXECUTABLE_FOLDER_PATH)/MiApp";
			};
			name = Debug;
		};
		A21B927829D4A15D002A7864 /* Release */ = {
			isa = XCBuildConfiguration;
			buildSettings = {
				ALWAYS_EMBED_SWIFT_STANDARD_LIBRARIES = YES;
				BUNDLE_LOADER = "$(TEST_HOST)";
				CODE_SIGN_STYLE = Automatic;
				CURRENT_PROJECT_VERSION = 1;
				GENERATE_INFOPLIST_FILE = YES;
				IPHONEOS_DEPLOYMENT_TARGET = 16.2;
				MARKETING_VERSION = 1.0;
				PRODUCT_BUNDLE_IDENTIFIER = montsemares.MiAppTests;
				PRODUCT_NAME = "$(TARGET_NAME)";
				SWIFT_EMIT_LOC_STRINGS = NO;
				SWIFT_VERSION = 5.0;
				TARGETED_DEVICE_FAMILY = "1,2";
				TEST_HOST = "$(BUILT_PRODUCTS_DIR)/MiApp.app/$(BUNDLE_EXECUTABLE_FOLDER_PATH)/MiApp";
			};
			name = Release;
		};
		A21B927A29D4A15D002A7864 /* Debug */ = {
			isa = XCBuildConfiguration;
			buildSettings = {
				ALWAYS_EMBED_SWIFT_STANDARD_LIBRARIES = YES;
				CODE_SIGN_STYLE = Automatic;
				CURRENT_PROJECT_VERSION = 1;
				GENERATE_INFOPLIST_FILE = YES;
				MARKETING_VERSION = 1.0;
				PRODUCT_BUNDLE_IDENTIFIER = montsemares.MiAppUITests;
				PRODUCT_NAME = "$(TARGET_NAME)";
				SWIFT_EMIT_LOC_STRINGS = NO;
				SWIFT_VERSION = 5.0;
				TARGETED_DEVICE_FAMILY = "1,2";
				TEST_TARGET_NAME = MiApp;
			};
			name = Debug;
		};
		A21B927B29D4A15D002A7864 /* Release */ = {
			isa = XCBuildConfiguration;
			buildSettings = {
				ALWAYS_EMBED_SWIFT_STANDARD_LIBRARIES = YES;
				CODE_SIGN_STYLE = Automatic;
				CURRENT_PROJECT_VERSION = 1;
				GENERATE_INFOPLIST_FILE = YES;
				MARKETING_VERSION = 1.0;
				PRODUCT_BUNDLE_IDENTIFIER = montsemares.MiAppUITests;
				PRODUCT_NAME = "$(TARGET_NAME)";
				SWIFT_EMIT_LOC_STRINGS = NO;
				SWIFT_VERSION = 5.0;
				TARGETED_DEVICE_FAMILY = "1,2";
				TEST_TARGET_NAME = MiApp;
			};
			name = Release;
		};
/* End XCBuildConfiguration section */

/* Begin XCConfigurationList section */
		A21B924429D4A15A002A7864 /* Build configuration list for PBXProject "MiApp" */ = {
			isa = XCConfigurationList;
			buildConfigurations = (
				A21B927129D4A15D002A7864 /* Debug */,
				A21B927229D4A15D002A7864 /* Release */,
			);
			defaultConfigurationIsVisible = 0;
			defaultConfigurationName = Release;
		};
		A21B927329D4A15D002A7864 /* Build configuration list for PBXNativeTarget "MiApp" */ = {
			isa = XCConfigurationList;
			buildConfigurations = (
				A21B927429D4A15D002A7864 /* Debug */,
				A21B927529D4A15D002A7864 /* Release */,
			);
			defaultConfigurationIsVisible = 0;
			defaultConfigurationName = Release;
		};
		A21B927629D4A15D002A7864 /* Build configuration list for PBXNativeTarget "MiAppTests" */ = {
			isa = XCConfigurationList;
			buildConfigurations = (
				A21B927729D4A15D002A7864 /* Debug */,
				A21B927829D4A15D002A7864 /* Release */,
			);
			defaultConfigurationIsVisible = 0;
			defaultConfigurationName = Release;
		};
		A21B927929D4A15D002A7864 /* Build configuration list for PBXNativeTarget "MiAppUITests" */ = {
			isa = XCConfigurationList;
			buildConfigurations = (
				A21B927A29D4A15D002A7864 /* Debug */,
				A21B927B29D4A15D002A7864 /* Release */,
			);
			defaultConfigurationIsVisible = 0;
			defaultConfigurationName = Release;
		};
/* End XCConfigurationList section */
	};
	rootObject = A21B924129D4A15A002A7864 /* Project object */;
}
